
Microsoft Visual Studio Solution File, Format Version 12.00
# Visual Studio 15
Project("{FAE04EC0-301F-11D3-BF4B-00C04F79EFBC}") = "Unity.2D.Tilemap.Extras", "Unity.2D.Tilemap.Extras.csproj", "{F036EA00-5F2B-8932-85D1-11ACA061978C}"
EndProject
Project("{FAE04EC0-301F-11D3-BF4B-00C04F79EFBC}") = "NavMeshComponents", "NavMeshComponents.csproj", "{6498BBA1-998F-0395-085F-BE86767A721A}"
EndProject
Project("{FAE04EC0-301F-11D3-BF4B-00C04F79EFBC}") = "Assembly-CSharp", "Assembly-CSharp.csproj", "{60014479-3B86-BC03-E22D-F07CA28773ED}"
EndProject
Project("{FAE04EC0-301F-11D3-BF4B-00C04F79EFBC}") = "Unity.2D.Tilemap.Extras.Editor", "Unity.2D.Tilemap.Extras.Editor.csproj", "{22381579-739C-26F2-7863-44C27479DA56}"
EndProject
Project("{FAE04EC0-301F-11D3-BF4B-00C04F79EFBC}") = "NavMeshComponentsEditor", "NavMeshComponentsEditor.csproj", "{B965E789-2C47-C531-1DEE-1F4E022705FD}"
EndProject
Project("{FAE04EC0-301F-11D3-BF4B-00C04F79EFBC}") = "Unity.2D.Tilemap.Extras.Placeholder.EditorTests", "Unity.2D.Tilemap.Extras.Placeholder.EditorTests.csproj", "{FF865468-2A32-C838-EB2C-3FFF81A83562}"
EndProject
Global
	GlobalSection(SolutionConfigurationPlatforms) = preSolution
		Debug|Any CPU = Debug|Any CPU
		Release|Any CPU = Release|Any CPU
	EndGlobalSection
	GlobalSection(ProjectConfigurationPlatforms) = postSolution
		{F036EA00-5F2B-8932-85D1-11ACA061978C}.Debug|Any CPU.ActiveCfg = Debug|Any CPU
		{F036EA00-5F2B-8932-85D1-11ACA061978C}.Debug|Any CPU.Build.0 = Debug|Any CPU
		{F036EA00-5F2B-8932-85D1-11ACA061978C}.Release|Any CPU.ActiveCfg = Release|Any CPU
		{F036EA00-5F2B-8932-85D1-11ACA061978C}.Release|Any CPU.Build.0 = Release|Any CPU
		{6498BBA1-998F-0395-085F-BE86767A721A}.Debug|Any CPU.ActiveCfg = Debug|Any CPU
		{6498BBA1-998F-0395-085F-BE86767A721A}.Debug|Any CPU.Build.0 = Debug|Any CPU
		{6498BBA1-998F-0395-085F-BE86767A721A}.Release|Any CPU.ActiveCfg = Release|Any CPU
		{6498BBA1-998F-0395-085F-BE86767A721A}.Release|Any CPU.Build.0 = Release|Any CPU
		{60014479-3B86-BC03-E22D-F07CA28773ED}.Debug|Any CPU.ActiveCfg = Debug|Any CPU
		{60014479-3B86-BC03-E22D-F07CA28773ED}.Debug|Any CPU.Build.0 = Debug|Any CPU
		{60014479-3B86-BC03-E22D-F07CA28773ED}.Release|Any CPU.ActiveCfg = Release|Any CPU
		{60014479-3B86-BC03-E22D-F07CA28773ED}.Release|Any CPU.Build.0 = Release|Any CPU
		{22381579-739C-26F2-7863-44C27479DA56}.Debug|Any CPU.ActiveCfg = Debug|Any CPU
		{22381579-739C-26F2-7863-44C27479DA56}.Debug|Any CPU.Build.0 = Debug|Any CPU
		{22381579-739C-26F2-7863-44C27479DA56}.Release|Any CPU.ActiveCfg = Release|Any CPU
		{22381579-739C-26F2-7863-44C27479DA56}.Release|Any CPU.Build.0 = Release|Any CPU
		{B965E789-2C47-C531-1DEE-1F4E022705FD}.Debug|Any CPU.ActiveCfg = Debug|Any CPU
		{B965E789-2C47-C531-1DEE-1F4E022705FD}.Debug|Any CPU.Build.0 = Debug|Any CPU
		{B965E789-2C47-C531-1DEE-1F4E022705FD}.Release|Any CPU.ActiveCfg = Release|Any CPU
		{B965E789-2C47-C531-1DEE-1F4E022705FD}.Release|Any CPU.Build.0 = Release|Any CPU
		{FF865468-2A32-C838-EB2C-3FFF81A83562}.Debug|Any CPU.ActiveCfg = Debug|Any CPU
		{FF865468-2A32-C838-EB2C-3FFF81A83562}.Debug|Any CPU.Build.0 = Debug|Any CPU
		{FF865468-2A32-C838-EB2C-3FFF81A83562}.Release|Any CPU.ActiveCfg = Release|Any CPU
		{FF865468-2A32-C838-EB2C-3FFF81A83562}.Release|Any CPU.Build.0 = Release|Any CPU
	EndGlobalSection
	GlobalSection(SolutionProperties) = preSolution
		HideSolutionNode = FALSE
	EndGlobalSection
EndGlobal
